
Microsoft Visual Studio Solution File, Format Version 12.00
# Visual Studio 14
VisualStudioVersion = 14.0.25123.0
MinimumVisualStudioVersion = 10.0.40219.1
Project("{FAE04EC0-301F-11D3-BF4B-00C04F79EFBC}") = "KrastevNewsSystem", "KrastevNewsSystem\KrastevNewsSystem.csproj", "{35EC13E7-21F7-42BE-BE04-CC3BF703BBB0}"
EndProject
Project("{FAE04EC0-301F-11D3-BF4B-00C04F79EFBC}") = "KrastevNewsSystem.Tests", "KrastevNewsSystem.Tests\KrastevNewsSystem.Tests.csproj", "{039B17B2-38F3-49F6-877E-9058B075181C}"
EndProject
Project("{FAE04EC0-301F-11D3-BF4B-00C04F79EFBC}") = "KrastevNewsSystem.Data", "KrastevNewsSystem.Data\KrastevNewsSystem.Data.csproj", "{59A8B7D2-A2ED-4A54-84AB-E0E0AE6EB418}"
EndProject
Project("{FAE04EC0-301F-11D3-BF4B-00C04F79EFBC}") = "KrastevNewsSystem.Models", "KrastevNewsSystem.Models\KrastevNewsSystem.Models.csproj", "{CAD8F0F5-580A-4909-A2F5-A2589053C810}"
EndProject
Global
	GlobalSection(SolutionConfigurationPlatforms) = preSolution
		Debug|Any CPU = Debug|Any CPU
		Release|Any CPU = Release|Any CPU
	EndGlobalSection
	GlobalSection(ProjectConfigurationPlatforms) = postSolution
		{35EC13E7-21F7-42BE-BE04-CC3BF703BBB0}.Debug|Any CPU.ActiveCfg = Debug|Any CPU
		{35EC13E7-21F7-42BE-BE04-CC3BF703BBB0}.Debug|Any CPU.Build.0 = Debug|Any CPU
		{35EC13E7-21F7-42BE-BE04-CC3BF703BBB0}.Release|Any CPU.ActiveCfg = Release|Any CPU
		{35EC13E7-21F7-42BE-BE04-CC3BF703BBB0}.Release|Any CPU.Build.0 = Release|Any CPU
		{039B17B2-38F3-49F6-877E-9058B075181C}.Debug|Any CPU.ActiveCfg = Debug|Any CPU
		{039B17B2-38F3-49F6-877E-9058B075181C}.Debug|Any CPU.Build.0 = Debug|Any CPU
		{039B17B2-38F3-49F6-877E-9058B075181C}.Release|Any CPU.ActiveCfg = Release|Any CPU
		{039B17B2-38F3-49F6-877E-9058B075181C}.Release|Any CPU.Build.0 = Release|Any CPU
		{59A8B7D2-A2ED-4A54-84AB-E0E0AE6EB418}.Debug|Any CPU.ActiveCfg = Debug|Any CPU
		{59A8B7D2-A2ED-4A54-84AB-E0E0AE6EB418}.Debug|Any CPU.Build.0 = Debug|Any CPU
		{59A8B7D2-A2ED-4A54-84AB-E0E0AE6EB418}.Release|Any CPU.ActiveCfg = Release|Any CPU
		{59A8B7D2-A2ED-4A54-84AB-E0E0AE6EB418}.Release|Any CPU.Build.0 = Release|Any CPU
		{CAD8F0F5-580A-4909-A2F5-A2589053C810}.Debug|Any CPU.ActiveCfg = Debug|Any CPU
		{CAD8F0F5-580A-4909-A2F5-A2589053C810}.Debug|Any CPU.Build.0 = Debug|Any CPU
		{CAD8F0F5-580A-4909-A2F5-A2589053C810}.Release|Any CPU.ActiveCfg = Release|Any CPU
		{CAD8F0F5-580A-4909-A2F5-A2589053C810}.Release|Any CPU.Build.0 = Release|Any CPU
	EndGlobalSection
	GlobalSection(SolutionProperties) = preSolution
		HideSolutionNode = FALSE
	EndGlobalSection
EndGlobal
